
Microsoft Visual Studio Solution File, Format Version 12.00
Project("{2150E333-8FDC-42A3-9474-1A3956D46DE8}") = "src", "src", "{7E173981-036F-4B19-BAAE-98E4ED0BDD29}"
EndProject
Project("{2150E333-8FDC-42A3-9474-1A3956D46DE8}") = "tests", "tests", "{9C9AF04A-2281-40F5-9B1B-4F296348CCE0}"
EndProject
Project("{FAE04EC0-301F-11D3-BF4B-00C04F79EFBC}") = "HadronLib", "src\HadronLib.csproj", "{F6DD8C1D-6EEF-4D95-846D-2052414284C2}"
EndProject
Project("{FAE04EC0-301F-11D3-BF4B-00C04F79EFBC}") = "HadronLib.Tests", "tests\HadronLib.Tests\HadronLib.Tests.csproj", "{DC8C75FB-5AB1-4609-96BE-84AD838E5091}"
EndProject
Global
	GlobalSection(SolutionConfigurationPlatforms) = preSolution
		Debug|Any CPU = Debug|Any CPU
		Release|Any CPU = Release|Any CPU
	EndGlobalSection
	GlobalSection(ProjectConfigurationPlatforms) = postSolution
		{F6DD8C1D-6EEF-4D95-846D-2052414284C2}.Debug|Any CPU.ActiveCfg = Debug|Any CPU
		{F6DD8C1D-6EEF-4D95-846D-2052414284C2}.Debug|Any CPU.Build.0 = Debug|Any CPU
		{F6DD8C1D-6EEF-4D95-846D-2052414284C2}.Release|Any CPU.ActiveCfg = Release|Any CPU
		{F6DD8C1D-6EEF-4D95-846D-2052414284C2}.Release|Any CPU.Build.0 = Release|Any CPU
		{DC8C75FB-5AB1-4609-96BE-84AD838E5091}.Debug|Any CPU.ActiveCfg = Debug|Any CPU
		{DC8C75FB-5AB1-4609-96BE-84AD838E5091}.Debug|Any CPU.Build.0 = Debug|Any CPU
		{DC8C75FB-5AB1-4609-96BE-84AD838E5091}.Release|Any CPU.ActiveCfg = Release|Any CPU
	EndGlobalSection
	GlobalSection(NestedProjects) = preSolution
		{F6DD8C1D-6EEF-4D95-846D-2052414284C2} = {7E173981-036F-4B19-BAAE-98E4ED0BDD29}
		{DC8C75FB-5AB1-4609-96BE-84AD838E5091} = {9C9AF04A-2281-40F5-9B1B-4F296348CCE0}
	EndGlobalSection
EndGlobal
